
Microsoft Visual Studio Solution File, Format Version 12.00
# Visual Studio Version 16
VisualStudioVersion = 16.0.30204.135
MinimumVisualStudioVersion = 10.0.40219.1
Project("{9A19103F-16F7-4668-BE54-9A1E7A4F7556}") = "CsvReader", "CsvReader\CsvReader.csproj", "{639DEC36-3A00-4442-9D14-5623271B1B60}"
EndProject
Project("{FAE04EC0-301F-11D3-BF4B-00C04F79EFBC}") = "Tester", "Tester\Tester.csproj", "{ED1C3C77-ADC5-4287-9744-213308D8E147}"
EndProject
Global
	GlobalSection(SolutionConfigurationPlatforms) = preSolution
		Debug|Any CPU = Debug|Any CPU
		Release|Any CPU = Release|Any CPU
	EndGlobalSection
	GlobalSection(ProjectConfigurationPlatforms) = postSolution
		{639DEC36-3A00-4442-9D14-5623271B1B60}.Debug|Any CPU.ActiveCfg = Debug|Any CPU
		{639DEC36-3A00-4442-9D14-5623271B1B60}.Debug|Any CPU.Build.0 = Debug|Any CPU
		{639DEC36-3A00-4442-9D14-5623271B1B60}.Release|Any CPU.ActiveCfg = Release|Any CPU
		{639DEC36-3A00-4442-9D14-5623271B1B60}.Release|Any CPU.Build.0 = Release|Any CPU
		{ED1C3C77-ADC5-4287-9744-213308D8E147}.Debug|Any CPU.ActiveCfg = Debug|Any CPU
		{ED1C3C77-ADC5-4287-9744-213308D8E147}.Debug|Any CPU.Build.0 = Debug|Any CPU
		{ED1C3C77-ADC5-4287-9744-213308D8E147}.Release|Any CPU.ActiveCfg = Release|Any CPU
		{ED1C3C77-ADC5-4287-9744-213308D8E147}.Release|Any CPU.Build.0 = Release|Any CPU
	EndGlobalSection
	GlobalSection(SolutionProperties) = preSolution
		HideSolutionNode = FALSE
	EndGlobalSection
	GlobalSection(ExtensibilityGlobals) = postSolution
		SolutionGuid = {69A89B32-FDBB-4B52-89D2-2519A7403AC4}
	EndGlobalSection
EndGlobal
